
Microsoft Visual Studio Solution File, Format Version 12.00
# Visual Studio Version 16
VisualStudioVersion = 16.0.30907.101
MinimumVisualStudioVersion = 10.0.40219.1
Project("{FAE04EC0-301F-11D3-BF4B-00C04F79EFBC}") = "JavaScriptInCSharp", "JavaScriptInCSharp.csproj", "{C3D448B5-76B6-4D9A-8327-7DEDAD58C88B}"
EndProject
Global
	GlobalSection(SolutionConfigurationPlatforms) = preSolution
		Debug|Any CPU = Debug|Any CPU
		Release|Any CPU = Release|Any CPU
	EndGlobalSection
	GlobalSection(ProjectConfigurationPlatforms) = postSolution
		{C3D448B5-76B6-4D9A-8327-7DEDAD58C88B}.Debug|Any CPU.ActiveCfg = Debug|Any CPU
		{C3D448B5-76B6-4D9A-8327-7DEDAD58C88B}.Debug|Any CPU.Build.0 = Debug|Any CPU
		{C3D448B5-76B6-4D9A-8327-7DEDAD58C88B}.Release|Any CPU.ActiveCfg = Release|Any CPU
		{C3D448B5-76B6-4D9A-8327-7DEDAD58C88B}.Release|Any CPU.Build.0 = Release|Any CPU
	EndGlobalSection
	GlobalSection(SolutionProperties) = preSolution
		HideSolutionNode = FALSE
	EndGlobalSection
	GlobalSection(ExtensibilityGlobals) = postSolution
		SolutionGuid = {8D76F90F-B300-4689-8AC2-CA39AB2AB1C5}
	EndGlobalSection
EndGlobal
